// !$*UTF8*$!
{
	archiveVersion = 1;
	classes = {
	};
	objectVersion = 46;
	objects = {

/* Begin PBXBuildFile section */
		BB7D595B199E1BBF00477ED9 /* AppDelegate.swift in Sources */ = {isa = PBXBuildFile; fileRef = BB7D595A199E1BBF00477ED9 /* AppDelegate.swift */; };
		BB7D595D199E1BBF00477ED9 /* ViewController.swift in Sources */ = {isa = PBXBuildFile; fileRef = BB7D595C199E1BBF00477ED9 /* ViewController.swift */; };
		BB7D5960199E1BBF00477ED9 /* Main.storyboard in Resources */ = {isa = PBXBuildFile; fileRef = BB7D595E199E1BBF00477ED9 /* Main.storyboard */; };
		BB7D5962199E1BBF00477ED9 /* Images.xcassets in Resources */ = {isa = PBXBuildFile; fileRef = BB7D5961199E1BBF00477ED9 /* Images.xcassets */; };
		BB7D596E199E1BBF00477ED9 /* Custom_SeguesTests.swift in Sources */ = {isa = PBXBuildFile; fileRef = BB7D596D199E1BBF00477ED9 /* Custom_SeguesTests.swift */; };
		BB7D5979199E59CC00477ED9 /* UncoverVerticalSegue.swift in Sources */ = {isa = PBXBuildFile; fileRef = BB7D5978199E59CC00477ED9 /* UncoverVerticalSegue.swift */; };
/* End PBXBuildFile section */

/* Begin PBXContainerItemProxy section */
		BB7D5968199E1BBF00477ED9 /* PBXContainerItemProxy */ = {
			isa = PBXContainerItemProxy;
			containerPortal = BB7D594D199E1BBF00477ED9 /* Project object */;
			proxyType = 1;
			remoteGlobalIDString = BB7D5954199E1BBF00477ED9;
			remoteInfo = "Custom Segues";
		};
/* End PBXContainerItemProxy section */

/* Begin PBXFileReference section */
		BB7D5955199E1BBF00477ED9 /* Custom Segues.app */ = {isa = PBXFileReference; explicitFileType = wrapper.application; includeInIndex = 0; path = "Custom Segues.app"; sourceTree = BUILT_PRODUCTS_DIR; };
		BB7D5959199E1BBF00477ED9 /* Info.plist */ = {isa = PBXFileReference; lastKnownFileType = text.plist.xml; path = Info.plist; sourceTree = "<group>"; };
		BB7D595A199E1BBF00477ED9 /* AppDelegate.swift */ = {isa = PBXFileReference; lastKnownFileType = sourcecode.swift; path = AppDelegate.swift; sourceTree = "<group>"; };
		BB7D595C199E1BBF00477ED9 /* ViewController.swift */ = {isa = PBXFileReference; lastKnownFileType = sourcecode.swift; path = ViewController.swift; sourceTree = "<group>"; };
		BB7D595F199E1BBF00477ED9 /* Base */ = {isa = PBXFileReference; lastKnownFileType = file.storyboard; name = Base; path = Base.lproj/Main.storyboard; sourceTree = "<group>"; };
		BB7D5961199E1BBF00477ED9 /* Images.xcassets */ = {isa = PBXFileReference; lastKnownFileType = folder.assetcatalog; path = Images.xcassets; sourceTree = "<group>"; };
		BB7D5967199E1BBF00477ED9 /* Custom SeguesTests.xctest */ = {isa = PBXFileReference; explicitFileType = wrapper.cfbundle; includeInIndex = 0; path = "Custom SeguesTests.xctest"; sourceTree = BUILT_PRODUCTS_DIR; };
		BB7D596C199E1BBF00477ED9 /* Info.plist */ = {isa = PBXFileReference; lastKnownFileType = text.plist.xml; path = Info.plist; sourceTree = "<group>"; };
		BB7D596D199E1BBF00477ED9 /* Custom_SeguesTests.swift */ = {isa = PBXFileReference; lastKnownFileType = sourcecode.swift; path = Custom_SeguesTests.swift; sourceTree = "<group>"; };
		BB7D5978199E59CC00477ED9 /* UncoverVerticalSegue.swift */ = {isa = PBXFileReference; fileEncoding = 4; lastKnownFileType = sourcecode.swift; path = UncoverVerticalSegue.swift; sourceTree = "<group>"; };
/* End PBXFileReference section */

/* Begin PBXFrameworksBuildPhase section */
		BB7D5952199E1BBF00477ED9 /* Frameworks */ = {
			isa = PBXFrameworksBuildPhase;
			buildActionMask = 2147483647;
			files = (
			);
			runOnlyForDeploymentPostprocessing = 0;
		};
		BB7D5964199E1BBF00477ED9 /* Frameworks */ = {
			isa = PBXFrameworksBuildPhase;
			buildActionMask = 2147483647;
			files = (
			);
			runOnlyForDeploymentPostprocessing = 0;
		};
/* End PBXFrameworksBuildPhase section */

/* Begin PBXGroup section */
		BB7D594C199E1BBF00477ED9 = {
			isa = PBXGroup;
			children = (
				BB7D5957199E1BBF00477ED9 /* Custom Segues */,
				BB7D596A199E1BBF00477ED9 /* Custom SeguesTests */,
				BB7D5956199E1BBF00477ED9 /* Products */,
			);
			sourceTree = "<group>";
		};
		BB7D5956199E1BBF00477ED9 /* Products */ = {
			isa = PBXGroup;
			children = (
				BB7D5955199E1BBF00477ED9 /* Custom Segues.app */,
				BB7D5967199E1BBF00477ED9 /* Custom SeguesTests.xctest */,
			);
			name = Products;
			sourceTree = "<group>";
		};
		BB7D5957199E1BBF00477ED9 /* Custom Segues */ = {
			isa = PBXGroup;
			children = (
				BB7D5977199E59B400477ED9 /* Segue */,
				BB7D595A199E1BBF00477ED9 /* AppDelegate.swift */,
				BB7D595C199E1BBF00477ED9 /* ViewController.swift */,
				BB7D595E199E1BBF00477ED9 /* Main.storyboard */,
				BB7D5961199E1BBF00477ED9 /* Images.xcassets */,
				BB7D5958199E1BBF00477ED9 /* Supporting Files */,
			);
			path = "Custom Segues";
			sourceTree = "<group>";
		};
		BB7D5958199E1BBF00477ED9 /* Supporting Files */ = {
			isa = PBXGroup;
			children = (
				BB7D5959199E1BBF00477ED9 /* Info.plist */,
			);
			name = "Supporting Files";
			sourceTree = "<group>";
		};
		BB7D596A199E1BBF00477ED9 /* Custom SeguesTests */ = {
			isa = PBXGroup;
			children = (
				BB7D596D199E1BBF00477ED9 /* Custom_SeguesTests.swift */,
				BB7D596B199E1BBF00477ED9 /* Supporting Files */,
			);
			path = "Custom SeguesTests";
			sourceTree = "<group>";
		};
		BB7D596B199E1BBF00477ED9 /* Supporting Files */ = {
			isa = PBXGroup;
			children = (
				BB7D596C199E1BBF00477ED9 /* Info.plist */,
			);
			name = "Supporting Files";
			sourceTree = "<group>";
		};
		BB7D5977199E59B400477ED9 /* Segue */ = {
			isa = PBXGroup;
			children = (
				BB7D5978199E59CC00477ED9 /* UncoverVerticalSegue.swift */,
			);
			name = Segue;
			sourceTree = "<group>";
		};
/* End PBXGroup section */

/* Begin PBXNativeTarget section */
		BB7D5954199E1BBF00477ED9 /* Custom Segues */ = {
			isa = PBXNativeTarget;
			buildConfigurationList = BB7D5971199E1BBF00477ED9 /* Build configuration list for PBXNativeTarget "Custom Segues" */;
			buildPhases = (
				BB7D5951199E1BBF00477ED9 /* Sources */,
				BB7D5952199E1BBF00477ED9 /* Frameworks */,
				BB7D5953199E1BBF00477ED9 /* Resources */,
			);
			buildRules = (
			);
			dependencies = (
			);
			name = "Custom Segues";
			productName = "Custom Segues";
			productReference = BB7D5955199E1BBF00477ED9 /* Custom Segues.app */;
			productType = "com.apple.product-type.application";
		};
		BB7D5966199E1BBF00477ED9 /* Custom SeguesTests */ = {
			isa = PBXNativeTarget;
			buildConfigurationList = BB7D5974199E1BBF00477ED9 /* Build configuration list for PBXNativeTarget "Custom SeguesTests" */;
			buildPhases = (
				BB7D5963199E1BBF00477ED9 /* Sources */,
				BB7D5964199E1BBF00477ED9 /* Frameworks */,
				BB7D5965199E1BBF00477ED9 /* Resources */,
			);
			buildRules = (
			);
			dependencies = (
				BB7D5969199E1BBF00477ED9 /* PBXTargetDependency */,
			);
			name = "Custom SeguesTests";
			productName = "Custom SeguesTests";
			productReference = BB7D5967199E1BBF00477ED9 /* Custom SeguesTests.xctest */;
			productType = "com.apple.product-type.bundle.unit-test";
		};
/* End PBXNativeTarget section */

/* Begin PBXProject section */
		BB7D594D199E1BBF00477ED9 /* Project object */ = {
			isa = PBXProject;
			attributes = {
				LastUpgradeCheck = 0600;
				ORGANIZATIONNAME = "Armand Grillet";
				TargetAttributes = {
					BB7D5954199E1BBF00477ED9 = {
						CreatedOnToolsVersion = 6.0;
					};
					BB7D5966199E1BBF00477ED9 = {
						CreatedOnToolsVersion = 6.0;
						TestTargetID = BB7D5954199E1BBF00477ED9;
					};
				};
			};
			buildConfigurationList = BB7D5950199E1BBF00477ED9 /* Build configuration list for PBXProject "Custom Segues" */;
			compatibilityVersion = "Xcode 3.2";
			developmentRegion = English;
			hasScannedForEncodings = 0;
			knownRegions = (
				en,
				Base,
			);
			mainGroup = BB7D594C199E1BBF00477ED9;
			productRefGroup = BB7D5956199E1BBF00477ED9 /* Products */;
			projectDirPath = "";
			projectRoot = "";
			targets = (
				BB7D5954199E1BBF00477ED9 /* Custom Segues */,
				BB7D5966199E1BBF00477ED9 /* Custom SeguesTests */,
			);
		};
/* End PBXProject section */

/* Begin PBXResourcesBuildPhase section */
		BB7D5953199E1BBF00477ED9 /* Resources */ = {
			isa = PBXResourcesBuildPhase;
			buildActionMask = 2147483647;
			files = (
				BB7D5960199E1BBF00477ED9 /* Main.storyboard in Resources */,
				BB7D5962199E1BBF00477ED9 /* Images.xcassets in Resources */,
			);
			runOnlyForDeploymentPostprocessing = 0;
		};
		BB7D5965199E1BBF00477ED9 /* Resources */ = {
			isa = PBXResourcesBuildPhase;
			buildActionMask = 2147483647;
			files = (
			);
			runOnlyForDeploymentPostprocessing = 0;
		};
/* End PBXResourcesBuildPhase section */

/* Begin PBXSourcesBuildPhase section */
		BB7D5951199E1BBF00477ED9 /* Sources */ = {
			isa = PBXSourcesBuildPhase;
			buildActionMask = 2147483647;
			files = (
				BB7D595D199E1BBF00477ED9 /* ViewController.swift in Sources */,
				BB7D595B199E1BBF00477ED9 /* AppDelegate.swift in Sources */,
				BB7D5979199E59CC00477ED9 /* UncoverVerticalSegue.swift in Sources */,
			);
			runOnlyForDeploymentPostprocessing = 0;
		};
		BB7D5963199E1BBF00477ED9 /* Sources */ = {
			isa = PBXSourcesBuildPhase;
			buildActionMask = 2147483647;
			files = (
				BB7D596E199E1BBF00477ED9 /* Custom_SeguesTests.swift in Sources */,
			);
			runOnlyForDeploymentPostprocessing = 0;
		};
/* End PBXSourcesBuildPhase section */

/* Begin PBXTargetDependency section */
		BB7D5969199E1BBF00477ED9 /* PBXTargetDependency */ = {
			isa = PBXTargetDependency;
			target = BB7D5954199E1BBF00477ED9 /* Custom Segues */;
			targetProxy = BB7D5968199E1BBF00477ED9 /* PBXContainerItemProxy */;
		};
/* End PBXTargetDependency section */

/* Begin PBXVariantGroup section */
		BB7D595E199E1BBF00477ED9 /* Main.storyboard */ = {
			isa = PBXVariantGroup;
			children = (
				BB7D595F199E1BBF00477ED9 /* Base */,
			);
			name = Main.storyboard;
			sourceTree = "<group>";
		};
/* End PBXVariantGroup section */

/* Begin XCBuildConfiguration section */
		BB7D596F199E1BBF00477ED9 /* Debug */ = {
			isa = XCBuildConfiguration;
			buildSettings = {
				ALWAYS_SEARCH_USER_PATHS = NO;
				CLANG_CXX_LANGUAGE_STANDARD = "gnu++0x";
				CLANG_CXX_LIBRARY = "libc++";
				CLANG_ENABLE_MODULES = YES;
				CLANG_ENABLE_OBJC_ARC = YES;
				CLANG_WARN_BOOL_CONVERSION = YES;
				CLANG_WARN_CONSTANT_CONVERSION = YES;
				CLANG_WARN_DIRECT_OBJC_ISA_USAGE = YES_ERROR;
				CLANG_WARN_EMPTY_BODY = YES;
				CLANG_WARN_ENUM_CONVERSION = YES;
				CLANG_WARN_INT_CONVERSION = YES;
				CLANG_WARN_OBJC_ROOT_CLASS = YES_ERROR;
				CLANG_WARN_UNREACHABLE_CODE = YES;
				CLANG_WARN__DUPLICATE_METHOD_MATCH = YES;
				"CODE_SIGN_IDENTITY[sdk=iphoneos*]" = "iPhone Developer";
				COPY_PHASE_STRIP = NO;
				ENABLE_STRICT_OBJC_MSGSEND = YES;
				GCC_C_LANGUAGE_STANDARD = gnu99;
				GCC_DYNAMIC_NO_PIC = NO;
				GCC_OPTIMIZATION_LEVEL = 0;
				GCC_PREPROCESSOR_DEFINITIONS = (
					"DEBUG=1",
					"$(inherited)",
				);
				GCC_SYMBOLS_PRIVATE_EXTERN = NO;
				GCC_WARN_64_TO_32_BIT_CONVERSION = YES;
				GCC_WARN_ABOUT_RETURN_TYPE = YES_ERROR;
				GCC_WARN_UNDECLARED_SELECTOR = YES;
				GCC_WARN_UNINITIALIZED_AUTOS = YES_AGGRESSIVE;
				GCC_WARN_UNUSED_FUNCTION = YES;
				GCC_WARN_UNUSED_VARIABLE = YES;
				IPHONEOS_DEPLOYMENT_TARGET = 8.0;
				MTL_ENABLE_DEBUG_INFO = YES;
				ONLY_ACTIVE_ARCH = YES;
				SDKROOT = iphoneos;
				SWIFT_OPTIMIZATION_LEVEL = "-Onone";
				TARGETED_DEVICE_FAMILY = "1,2";
			};
			name = Debug;
		};
		BB7D5970199E1BBF00477ED9 /* Release */ = {
			isa = XCBuildConfiguration;
			buildSettings = {
				ALWAYS_SEARCH_USER_PATHS = NO;
				CLANG_CXX_LANGUAGE_STANDARD = "gnu++0x";
				CLANG_CXX_LIBRARY = "libc++";
				CLANG_ENABLE_MODULES = YES;
				CLANG_ENABLE_OBJC_ARC = YES;
				CLANG_WARN_BOOL_CONVERSION = YES;
				CLANG_WARN_CONSTANT_CONVERSION = YES;
				CLANG_WARN_DIRECT_OBJC_ISA_USAGE = YES_ERROR;
				CLANG_WARN_EMPTY_BODY = YES;
				CLANG_WARN_ENUM_CONVERSION = YES;
				CLANG_WARN_INT_CONVERSION = YES;
				CLANG_WARN_OBJC_ROOT_CLASS = YES_ERROR;
				CLANG_WARN_UNREACHABLE_CODE = YES;
				CLANG_WARN__DUPLICATE_METHOD_MATCH = YES;
				"CODE_SIGN_IDENTITY[sdk=iphoneos*]" = "iPhone Developer";
				COPY_PHASE_STRIP = YES;
				ENABLE_NS_ASSERTIONS = NO;
				ENABLE_STRICT_OBJC_MSGSEND = YES;
				GCC_C_LANGUAGE_STANDARD = gnu99;
				GCC_WARN_64_TO_32_BIT_CONVERSION = YES;
				GCC_WARN_ABOUT_RETURN_TYPE = YES_ERROR;
				GCC_WARN_UNDECLARED_SELECTOR = YES;
				GCC_WARN_UNINITIALIZED_AUTOS = YES_AGGRESSIVE;
				GCC_WARN_UNUSED_FUNCTION = YES;
				GCC_WARN_UNUSED_VARIABLE = YES;
				IPHONEOS_DEPLOYMENT_TARGET = 8.0;
				MTL_ENABLE_DEBUG_INFO = NO;
				SDKROOT = iphoneos;
				TARGETED_DEVICE_FAMILY = "1,2";
				VALIDATE_PRODUCT = YES;
			};
			name = Release;
		};
		BB7D5972199E1BBF00477ED9 /* Debug */ = {
			isa = XCBuildConfiguration;
			buildSettings = {
				ASSETCATALOG_COMPILER_APPICON_NAME = AppIcon;
				ASSETCATALOG_COMPILER_LAUNCHIMAGE_NAME = LaunchImage;
				INFOPLIST_FILE = "Custom Segues/Info.plist";
				LD_RUNPATH_SEARCH_PATHS = "$(inherited) @executable_path/Frameworks";
				PRODUCT_NAME = "$(TARGET_NAME)";
			};
			name = Debug;
		};
		BB7D5973199E1BBF00477ED9 /* Release */ = {
			isa = XCBuildConfiguration;
			buildSettings = {
				ASSETCATALOG_COMPILER_APPICON_NAME = AppIcon;
				ASSETCATALOG_COMPILER_LAUNCHIMAGE_NAME = LaunchImage;
				INFOPLIST_FILE = "Custom Segues/Info.plist";
				LD_RUNPATH_SEARCH_PATHS = "$(inherited) @executable_path/Frameworks";
				PRODUCT_NAME = "$(TARGET_NAME)";
			};
			name = Release;
		};
		BB7D5975199E1BBF00477ED9 /* Debug */ = {
			isa = XCBuildConfiguration;
			buildSettings = {
				BUNDLE_LOADER = "$(TEST_HOST)";
				FRAMEWORK_SEARCH_PATHS = (
					"$(SDKROOT)/Developer/Library/Frameworks",
					"$(inherited)",
				);
				GCC_PREPROCESSOR_DEFINITIONS = (
					"DEBUG=1",
					"$(inherited)",
				);
				INFOPLIST_FILE = "Custom SeguesTests/Info.plist";
				LD_RUNPATH_SEARCH_PATHS = "$(inherited) @executable_path/Frameworks @loader_path/Frameworks";
				PRODUCT_NAME = "$(TARGET_NAME)";
				TEST_HOST = "$(BUILT_PRODUCTS_DIR)/Custom Segues.app/Custom Segues";
			};
			name = Debug;
		};
		BB7D5976199E1BBF00477ED9 /* Release */ = {
			isa = XCBuildConfiguration;
			buildSettings = {
				BUNDLE_LOADER = "$(TEST_HOST)";
				FRAMEWORK_SEARCH_PATHS = (
					"$(SDKROOT)/Developer/Library/Frameworks",
					"$(inherited)",
				);
				INFOPLIST_FILE = "Custom SeguesTests/Info.plist";
				LD_RUNPATH_SEARCH_PATHS = "$(inherited) @executable_path/Frameworks @loader_path/Frameworks";
				PRODUCT_NAME = "$(TARGET_NAME)";
				TEST_HOST = "$(BUILT_PRODUCTS_DIR)/Custom Segues.app/Custom Segues";
			};
			name = Release;
		};
/* End XCBuildConfiguration section */

/* Begin XCConfigurationList section */
		BB7D5950199E1BBF00477ED9 /* Build configuration list for PBXProject "Custom Segues" */ = {
			isa = XCConfigurationList;
			buildConfigurations = (
				BB7D596F199E1BBF00477ED9 /* Debug */,
				BB7D5970199E1BBF00477ED9 /* Release */,
			);
			defaultConfigurationIsVisible = 0;
			defaultConfigurationName = Release;
		};
		BB7D5971199E1BBF00477ED9 /* Build configuration list for PBXNativeTarget "Custom Segues" */ = {
			isa = XCConfigurationList;
			buildConfigurations = (
				BB7D5972199E1BBF00477ED9 /* Debug */,
				BB7D5973199E1BBF00477ED9 /* Release */,
			);
			defaultConfigurationIsVisible = 0;
		};
		BB7D5974199E1BBF00477ED9 /* Build configuration list for PBXNativeTarget "Custom SeguesTests" */ = {
			isa = XCConfigurationList;
			buildConfigurations = (
				BB7D5975199E1BBF00477ED9 /* Debug */,
				BB7D5976199E1BBF00477ED9 /* Release */,
			);
			defaultConfigurationIsVisible = 0;
		};
/* End XCConfigurationList section */
	};
	rootObject = BB7D594D199E1BBF00477ED9 /* Project object */;
}
